{
  "name": "01som",
  "version": "0.1.0",
  "lockfileVersion": 1,
  "requires": true,
  "dependencies": {
    "sass": {
      "version": "1.0.0-beta.5.2",
      "resolved": "https://registry.npmjs.org/sass/-/sass-1.0.0-beta.5.2.tgz",
      "integrity": "sha512-JM34UDy1QS074OVExFfwKdeWuD4sbVrYOsdEzN3crAYcdp3FyIc5ZPIQDV4ttGVq10fDqyRtO9W7SN8USuMhxw==",
      "dev": true
    }
  }
}
